
Microsoft Visual Studio Solution File, Format Version 12.00
# Visual Studio Version 17
VisualStudioVersion = 17.0.31903.59
MinimumVisualStudioVersion = 10.0.40219.1
Project("{2150E333-8FDC-42A3-9474-1A3956D46DE8}") = "src", "src", "{6C0DCB26-823E-4BEF-9321-C43A308D7D4D}"
EndProject
Project("{FAE04EC0-301F-11D3-BF4B-00C04F79EFBC}") = "DealershipInventorySystem.Domain", "src\DealershipInventorySystem.Domain\DealershipInventorySystem.Domain.csproj", "{BFAA8DDC-7E89-4CD9-A196-C351AE2FCD43}"
EndProject
Project("{FAE04EC0-301F-11D3-BF4B-00C04F79EFBC}") = "DealershipInventorySystem.Application", "src\DealershipInventorySystem.Application\DealershipInventorySystem.Application.csproj", "{8A187FEF-391F-41F9-B8B2-8F45F75AB94C}"
EndProject
Project("{FAE04EC0-301F-11D3-BF4B-00C04F79EFBC}") = "DealershipInventorySystem.Infrastructure", "src\DealershipInventorySystem.Infrastructure\DealershipInventorySystem.Infrastructure.csproj", "{62C45C73-5D79-487C-81E7-B105353C40A5}"
EndProject
Project("{FAE04EC0-301F-11D3-BF4B-00C04F79EFBC}") = "DealershipInventorySystem.WebAPI", "src\DealershipInventorySystem.WebAPI\DealershipInventorySystem.WebAPI.csproj", "{8BDE90A3-8CC2-4FE7-BCA5-7229D23B0700}"
EndProject
Project("{2150E333-8FDC-42A3-9474-1A3956D46DE8}") = "tests", "tests", "{95090697-5C6B-4EB3-AF2E-D58AAF48B226}"
EndProject
Project("{FAE04EC0-301F-11D3-BF4B-00C04F79EFBC}") = "DealershipInventorySystem.Tests", "tests\DealershipInventorySystem.Tests\DealershipInventorySystem.Tests.csproj", "{5066C3FD-C2EA-47BF-B8FD-313BEEDE0A07}"
EndProject
Global
	GlobalSection(SolutionConfigurationPlatforms) = preSolution
		Debug|Any CPU = Debug|Any CPU
		Release|Any CPU = Release|Any CPU
	EndGlobalSection
	GlobalSection(SolutionProperties) = preSolution
		HideSolutionNode = FALSE
	EndGlobalSection
	GlobalSection(ProjectConfigurationPlatforms) = postSolution
		{BFAA8DDC-7E89-4CD9-A196-C351AE2FCD43}.Debug|Any CPU.ActiveCfg = Debug|Any CPU
		{BFAA8DDC-7E89-4CD9-A196-C351AE2FCD43}.Debug|Any CPU.Build.0 = Debug|Any CPU
		{BFAA8DDC-7E89-4CD9-A196-C351AE2FCD43}.Release|Any CPU.ActiveCfg = Release|Any CPU
		{BFAA8DDC-7E89-4CD9-A196-C351AE2FCD43}.Release|Any CPU.Build.0 = Release|Any CPU
		{8A187FEF-391F-41F9-B8B2-8F45F75AB94C}.Debug|Any CPU.ActiveCfg = Debug|Any CPU
		{8A187FEF-391F-41F9-B8B2-8F45F75AB94C}.Debug|Any CPU.Build.0 = Debug|Any CPU
		{8A187FEF-391F-41F9-B8B2-8F45F75AB94C}.Release|Any CPU.ActiveCfg = Release|Any CPU
		{8A187FEF-391F-41F9-B8B2-8F45F75AB94C}.Release|Any CPU.Build.0 = Release|Any CPU
		{62C45C73-5D79-487C-81E7-B105353C40A5}.Debug|Any CPU.ActiveCfg = Debug|Any CPU
		{62C45C73-5D79-487C-81E7-B105353C40A5}.Debug|Any CPU.Build.0 = Debug|Any CPU
		{62C45C73-5D79-487C-81E7-B105353C40A5}.Release|Any CPU.ActiveCfg = Release|Any CPU
		{62C45C73-5D79-487C-81E7-B105353C40A5}.Release|Any CPU.Build.0 = Release|Any CPU
		{8BDE90A3-8CC2-4FE7-BCA5-7229D23B0700}.Debug|Any CPU.ActiveCfg = Debug|Any CPU
		{8BDE90A3-8CC2-4FE7-BCA5-7229D23B0700}.Debug|Any CPU.Build.0 = Debug|Any CPU
		{8BDE90A3-8CC2-4FE7-BCA5-7229D23B0700}.Release|Any CPU.ActiveCfg = Release|Any CPU
		{8BDE90A3-8CC2-4FE7-BCA5-7229D23B0700}.Release|Any CPU.Build.0 = Release|Any CPU
		{5066C3FD-C2EA-47BF-B8FD-313BEEDE0A07}.Debug|Any CPU.ActiveCfg = Debug|Any CPU
		{5066C3FD-C2EA-47BF-B8FD-313BEEDE0A07}.Debug|Any CPU.Build.0 = Debug|Any CPU
		{5066C3FD-C2EA-47BF-B8FD-313BEEDE0A07}.Release|Any CPU.ActiveCfg = Release|Any CPU
		{5066C3FD-C2EA-47BF-B8FD-313BEEDE0A07}.Release|Any CPU.Build.0 = Release|Any CPU
	EndGlobalSection
	GlobalSection(NestedProjects) = preSolution
		{BFAA8DDC-7E89-4CD9-A196-C351AE2FCD43} = {6C0DCB26-823E-4BEF-9321-C43A308D7D4D}
		{8A187FEF-391F-41F9-B8B2-8F45F75AB94C} = {6C0DCB26-823E-4BEF-9321-C43A308D7D4D}
		{62C45C73-5D79-487C-81E7-B105353C40A5} = {6C0DCB26-823E-4BEF-9321-C43A308D7D4D}
		{8BDE90A3-8CC2-4FE7-BCA5-7229D23B0700} = {6C0DCB26-823E-4BEF-9321-C43A308D7D4D}
		{5066C3FD-C2EA-47BF-B8FD-313BEEDE0A07} = {95090697-5C6B-4EB3-AF2E-D58AAF48B226}
	EndGlobalSection
EndGlobal
